
Microsoft Visual Studio Solution File, Format Version 12.00
# Visual Studio Version 17
VisualStudioVersion = 17.4.33213.308
MinimumVisualStudioVersion = 10.0.40219.1
Project("{FAE04EC0-301F-11D3-BF4B-00C04F79EFBC}") = "Kamp", "Kamp\Kamp.csproj", "{5CCADC45-6775-44C2-9FB0-00CA85C58671}"
EndProject
Project("{FAE04EC0-301F-11D3-BF4B-00C04F79EFBC}") = "ClassIntro", "ClassIntro\ClassIntro.csproj", "{41D45496-7FFA-448C-A2D0-5891AF478807}"
EndProject
Project("{FAE04EC0-301F-11D3-BF4B-00C04F79EFBC}") = "Metotlar", "Metotlar\Metotlar.csproj", "{EDE79621-3E3F-44E5-AECC-0A06A800F6B7}"
EndProject
Project("{FAE04EC0-301F-11D3-BF4B-00C04F79EFBC}") = "Matematik", "Matematik\Matematik.csproj", "{37689B44-F140-4FCC-BA40-636D6C49D8A5}"
EndProject
Project("{FAE04EC0-301F-11D3-BF4B-00C04F79EFBC}") = "DegerVeReferansTipler", "DegerVeReferansTipler\DegerVeReferansTipler.csproj", "{6ADE32A0-F740-43BF-B7A8-A1A343BC070D}"
EndProject
Global
	GlobalSection(SolutionConfigurationPlatforms) = preSolution
		Debug|Any CPU = Debug|Any CPU
		Release|Any CPU = Release|Any CPU
	EndGlobalSection
	GlobalSection(ProjectConfigurationPlatforms) = postSolution
		{5CCADC45-6775-44C2-9FB0-00CA85C58671}.Debug|Any CPU.ActiveCfg = Debug|Any CPU
		{5CCADC45-6775-44C2-9FB0-00CA85C58671}.Debug|Any CPU.Build.0 = Debug|Any CPU
		{5CCADC45-6775-44C2-9FB0-00CA85C58671}.Release|Any CPU.ActiveCfg = Release|Any CPU
		{5CCADC45-6775-44C2-9FB0-00CA85C58671}.Release|Any CPU.Build.0 = Release|Any CPU
		{41D45496-7FFA-448C-A2D0-5891AF478807}.Debug|Any CPU.ActiveCfg = Debug|Any CPU
		{41D45496-7FFA-448C-A2D0-5891AF478807}.Debug|Any CPU.Build.0 = Debug|Any CPU
		{41D45496-7FFA-448C-A2D0-5891AF478807}.Release|Any CPU.ActiveCfg = Release|Any CPU
		{41D45496-7FFA-448C-A2D0-5891AF478807}.Release|Any CPU.Build.0 = Release|Any CPU
		{EDE79621-3E3F-44E5-AECC-0A06A800F6B7}.Debug|Any CPU.ActiveCfg = Debug|Any CPU
		{EDE79621-3E3F-44E5-AECC-0A06A800F6B7}.Debug|Any CPU.Build.0 = Debug|Any CPU
		{EDE79621-3E3F-44E5-AECC-0A06A800F6B7}.Release|Any CPU.ActiveCfg = Release|Any CPU
		{EDE79621-3E3F-44E5-AECC-0A06A800F6B7}.Release|Any CPU.Build.0 = Release|Any CPU
		{37689B44-F140-4FCC-BA40-636D6C49D8A5}.Debug|Any CPU.ActiveCfg = Debug|Any CPU
		{37689B44-F140-4FCC-BA40-636D6C49D8A5}.Debug|Any CPU.Build.0 = Debug|Any CPU
		{37689B44-F140-4FCC-BA40-636D6C49D8A5}.Release|Any CPU.ActiveCfg = Release|Any CPU
		{37689B44-F140-4FCC-BA40-636D6C49D8A5}.Release|Any CPU.Build.0 = Release|Any CPU
		{6ADE32A0-F740-43BF-B7A8-A1A343BC070D}.Debug|Any CPU.ActiveCfg = Debug|Any CPU
		{6ADE32A0-F740-43BF-B7A8-A1A343BC070D}.Debug|Any CPU.Build.0 = Debug|Any CPU
		{6ADE32A0-F740-43BF-B7A8-A1A343BC070D}.Release|Any CPU.ActiveCfg = Release|Any CPU
		{6ADE32A0-F740-43BF-B7A8-A1A343BC070D}.Release|Any CPU.Build.0 = Release|Any CPU
	EndGlobalSection
	GlobalSection(SolutionProperties) = preSolution
		HideSolutionNode = FALSE
	EndGlobalSection
	GlobalSection(ExtensibilityGlobals) = postSolution
		SolutionGuid = {9C456D3E-D55D-4CFB-B561-6CA0171A7423}
	EndGlobalSection
EndGlobal
